
Microsoft Visual Studio Solution File, Format Version 12.00
# Visual Studio Version 17
VisualStudioVersion = 17.14.36804.6 d17.14
MinimumVisualStudioVersion = 10.0.40219.1
Project("{FAE04EC0-301F-11D3-BF4B-00C04F79EFBC}") = "StudentsMVC", "StudentsMVC\StudentsMVC.csproj", "{16D89846-3AD4-43A3-9DBC-0B48EE50C959}"
EndProject
Global
	GlobalSection(SolutionConfigurationPlatforms) = preSolution
		Debug|Any CPU = Debug|Any CPU
		Release|Any CPU = Release|Any CPU
	EndGlobalSection
	GlobalSection(ProjectConfigurationPlatforms) = postSolution
		{16D89846-3AD4-43A3-9DBC-0B48EE50C959}.Debug|Any CPU.ActiveCfg = Debug|Any CPU
		{16D89846-3AD4-43A3-9DBC-0B48EE50C959}.Debug|Any CPU.Build.0 = Debug|Any CPU
		{16D89846-3AD4-43A3-9DBC-0B48EE50C959}.Release|Any CPU.ActiveCfg = Release|Any CPU
		{16D89846-3AD4-43A3-9DBC-0B48EE50C959}.Release|Any CPU.Build.0 = Release|Any CPU
	EndGlobalSection
	GlobalSection(SolutionProperties) = preSolution
		HideSolutionNode = FALSE
	EndGlobalSection
	GlobalSection(ExtensibilityGlobals) = postSolution
		SolutionGuid = {6E14B89A-9D81-40E5-AB14-4765B47A64CF}
	EndGlobalSection
EndGlobal
