
Microsoft Visual Studio Solution File, Format Version 12.00
# Visual Studio Version 17
VisualStudioVersion = 17.13.35931.197 d17.13
MinimumVisualStudioVersion = 10.0.40219.1
Project("{FAE04EC0-301F-11D3-BF4B-00C04F79EFBC}") = "Client_Server_CHAT", "Client_Server_CHAT.csproj", "{A85E969A-9041-4F51-BD62-9C5540172903}"
EndProject
Global
	GlobalSection(SolutionConfigurationPlatforms) = preSolution
		Debug|Any CPU = Debug|Any CPU
		Release|Any CPU = Release|Any CPU
	EndGlobalSection
	GlobalSection(ProjectConfigurationPlatforms) = postSolution
		{A85E969A-9041-4F51-BD62-9C5540172903}.Debug|Any CPU.ActiveCfg = Debug|Any CPU
		{A85E969A-9041-4F51-BD62-9C5540172903}.Debug|Any CPU.Build.0 = Debug|Any CPU
		{A85E969A-9041-4F51-BD62-9C5540172903}.Release|Any CPU.ActiveCfg = Release|Any CPU
		{A85E969A-9041-4F51-BD62-9C5540172903}.Release|Any CPU.Build.0 = Release|Any CPU
	EndGlobalSection
	GlobalSection(SolutionProperties) = preSolution
		HideSolutionNode = FALSE
	EndGlobalSection
	GlobalSection(ExtensibilityGlobals) = postSolution
		SolutionGuid = {9DB866E6-5599-48E6-96D7-DE3BCDC360C3}
	EndGlobalSection
EndGlobal
