
Microsoft Visual Studio Solution File, Format Version 12.00
# Visual Studio Version 17
VisualStudioVersion = 17.13.35931.197 d17.13
MinimumVisualStudioVersion = 10.0.40219.1
Project("{FAE04EC0-301F-11D3-BF4B-00C04F79EFBC}") = "ServerForInfoDB", "ServerForInfoDB.csproj", "{F2FC5022-4821-46E9-A4F3-2A6BC7499D61}"
EndProject
Global
	GlobalSection(SolutionConfigurationPlatforms) = preSolution
		Debug|Any CPU = Debug|Any CPU
		Release|Any CPU = Release|Any CPU
	EndGlobalSection
	GlobalSection(ProjectConfigurationPlatforms) = postSolution
		{F2FC5022-4821-46E9-A4F3-2A6BC7499D61}.Debug|Any CPU.ActiveCfg = Debug|Any CPU
		{F2FC5022-4821-46E9-A4F3-2A6BC7499D61}.Debug|Any CPU.Build.0 = Debug|Any CPU
		{F2FC5022-4821-46E9-A4F3-2A6BC7499D61}.Release|Any CPU.ActiveCfg = Release|Any CPU
		{F2FC5022-4821-46E9-A4F3-2A6BC7499D61}.Release|Any CPU.Build.0 = Release|Any CPU
	EndGlobalSection
	GlobalSection(SolutionProperties) = preSolution
		HideSolutionNode = FALSE
	EndGlobalSection
	GlobalSection(ExtensibilityGlobals) = postSolution
		SolutionGuid = {02104507-129E-4B44-9330-69DA02F4ABF3}
	EndGlobalSection
EndGlobal
