
Microsoft Visual Studio Solution File, Format Version 12.00
# Visual Studio Version 17
VisualStudioVersion = 17.13.35931.197 d17.13
MinimumVisualStudioVersion = 10.0.40219.1
Project("{FAE04EC0-301F-11D3-BF4B-00C04F79EFBC}") = "NetworkConsoleApp1", "NetworkConsoleApp1.csproj", "{4023F8BD-CCA9-4B3E-8DF2-15CCFDC57CE0}"
EndProject
Global
	GlobalSection(SolutionConfigurationPlatforms) = preSolution
		Debug|Any CPU = Debug|Any CPU
		Release|Any CPU = Release|Any CPU
	EndGlobalSection
	GlobalSection(ProjectConfigurationPlatforms) = postSolution
		{4023F8BD-CCA9-4B3E-8DF2-15CCFDC57CE0}.Debug|Any CPU.ActiveCfg = Debug|Any CPU
		{4023F8BD-CCA9-4B3E-8DF2-15CCFDC57CE0}.Debug|Any CPU.Build.0 = Debug|Any CPU
		{4023F8BD-CCA9-4B3E-8DF2-15CCFDC57CE0}.Release|Any CPU.ActiveCfg = Release|Any CPU
		{4023F8BD-CCA9-4B3E-8DF2-15CCFDC57CE0}.Release|Any CPU.Build.0 = Release|Any CPU
	EndGlobalSection
	GlobalSection(SolutionProperties) = preSolution
		HideSolutionNode = FALSE
	EndGlobalSection
	GlobalSection(ExtensibilityGlobals) = postSolution
		SolutionGuid = {0A992065-CF66-4E24-B193-8294649CDAE4}
	EndGlobalSection
EndGlobal
